<?xml version="1.0" encoding="UTF-8" standalone="yes" ?>
<CodeBlocks_project_file>
	<FileVersion major="1" minor="6" />
	<Project>
		<Option title="StringLibrary" />
		<Option pch_mode="2" />
		<Option compiler="gcc" />
		<Build>
			<Target title="Debug">
				<Option output="bin/Debug/StringLibrary" prefix_auto="1" extension_auto="1" />
				<Option object_output="obj/Debug/" />
				<Option type="1" />
				<Option compiler="gcc" />
				<Compiler>
					<Add option="-g" />
				</Compiler>
			</Target>
			<Target title="Release">
				<Option output="bin/Release/StringLibrary" prefix_auto="1" extension_auto="1" />
				<Option object_output="obj/Release/" />
				<Option type="1" />
				<Option compiler="gcc" />
				<Compiler>
					<Add option="-O2" />
				</Compiler>
				<Linker>
					<Add option="-s" />
				</Linker>
			</Target>
		</Build>
		<Compiler>
			<Add option="-Wall" />
		</Compiler>
		<Unit filename="all_letters.c">
			<Option compilerVar="CC" />
		</Unit>
		<Unit filename="capitalize.c">
			<Option compilerVar="CC" />
		</Unit>
		<Unit filename="dedup.c">
			<Option compilerVar="CC" />
		</Unit>
		<Unit filename="diff.c">
			<Option compilerVar="CC" />
		</Unit>
		<Unit filename="ends_with_ign_case.c">
			<Option compilerVar="CC" />
		</Unit>
		<Unit filename="find.c">
			<Option compilerVar="CC" />
		</Unit>
		<Unit filename="is_empty.c">
			<Option compilerVar="CC" />
		</Unit>
		<Unit filename="libstr2107.h" />
		<Unit filename="main.c">
			<Option compilerVar="CC" />
		</Unit>
		<Unit filename="num_in_range.c">
			<Option compilerVar="CC" />
		</Unit>
		<Unit filename="ptr_to.c">
			<Option compilerVar="CC" />
		</Unit>
		<Unit filename="replace.c">
			<Option compilerVar="CC" />
		</Unit>
		<Unit filename="rm_left_space.c">
			<Option compilerVar="CC" />
		</Unit>
		<Unit filename="rm_right_space.c">
			<Option compilerVar="CC" />
		</Unit>
		<Unit filename="rm_space.c">
			<Option compilerVar="CC" />
		</Unit>
		<Unit filename="shorten.c">
			<Option compilerVar="CC" />
		</Unit>
		<Unit filename="str_chop_all.c">
			<Option compilerVar="CC" />
		</Unit>
		<Unit filename="str_zip.c">
			<Option compilerVar="CC" />
		</Unit>
		<Unit filename="strcmp_ign_case.c">
			<Option compilerVar="CC" />
		</Unit>
		<Unit filename="take_last.c">
			<Option compilerVar="CC" />
		</Unit>
		<Extensions>
			<code_completion />
			<envvars />
			<debugger />
		</Extensions>
	</Project>
</CodeBlocks_project_file>
